{
  "name": "true-email-validator/re-tmpl-generator",
  "version": "1.0.0-alpha.0",
  "lockfileVersion": 3,
  "requires": true,
  "packages": {
    "": {
      "name": "true-email-validator/re-tmpl-generator",
      "version": "1.0.0-alpha.0",
      "license": "UNLICENSED",
      "dependencies": {
        "regex-repo": "^3.0.0"
      },
      "devDependencies": {
        "regex": "^3.0.0"
      }
    },
    "node_modules/regex": {
      "version": "3.0.0",
      "resolved": "https://registry.npmjs.org/regex/-/regex-3.0.0.tgz",
      "integrity": "sha512-chnqcLYcbvJiZuTAiEd6L/He1R/Yo34uhdE2y0ytD7fNIxphkKpv14WjytFUKyheLerTw0AB1CcmkGmfZgjQOA==",
      "dev": true,
      "dependencies": {
        "regex-utilities": "^2.0.0"
      }
    },
    "node_modules/regex-repo": {
      "version": "3.0.0",
      "resolved": "https://registry.npmjs.org/regex-repo/-/regex-repo-3.0.0.tgz",
      "integrity": "sha512-z1RYejDnjHgEQTZ05cX3vc8j8D1YpFhGvjrl5QIBdZv286DYHdAVVujTlSlMxnWyE7mbOkeMDw7TQVxJt32fEw==",
      "engines": {
        "node": ">=18.0.0"
      }
    },
    "node_modules/regex-utilities": {
      "version": "2.1.0",
      "resolved": "https://registry.npmjs.org/regex-utilities/-/regex-utilities-2.1.0.tgz",
      "integrity": "sha512-YRLKLu+C6LgTCsGUzgxcaArm54K4cmlxRmWvECLaS8RCC66jne/3GPeggUiNH5BlNE7nb90tSoWCgCkSRkuxIA==",
      "dev": true
    }
  }
}
